// !$*UTF8*$!
{
	archiveVersion = 1;
	classes = {
	};
	objectVersion = 50;
	objects = {

/* Begin PBXBuildFile section */
		142BBC6C247D5D3B006DA2B2 /* UITextField+Numeric+Validation.swift in Sources */ = {isa = PBXBuildFile; fileRef = 142BBC6B247D5D3B006DA2B2 /* UITextField+Numeric+Validation.swift */; };
		14911147246D8760001CBD82 /* Reminder.swift in Sources */ = {isa = PBXBuildFile; fileRef = 14911146246D8760001CBD82 /* Reminder.swift */; };
		14911149246E8CB3001CBD82 /* AddNewTaskViewController.swift in Sources */ = {isa = PBXBuildFile; fileRef = 14911148246E8CB3001CBD82 /* AddNewTaskViewController.swift */; };
		14A40A31246C267D00D272AB /* DateFormatter+Styling.swift in Sources */ = {isa = PBXBuildFile; fileRef = 14A40A30246C267D00D272AB /* DateFormatter+Styling.swift */; };
		14A40A3A246C38C100D272AB /* AssessmentTableViewCell.swift in Sources */ = {isa = PBXBuildFile; fileRef = 14A40A39246C38C100D272AB /* AssessmentTableViewCell.swift */; };
		14A40A3C246C6C7000D272AB /* UIViewController+Alerts.swift in Sources */ = {isa = PBXBuildFile; fileRef = 14A40A3B246C6C7000D272AB /* UIViewController+Alerts.swift */; };
		14A40A3E246C85D100D272AB /* EditAssessmentViewController.swift in Sources */ = {isa = PBXBuildFile; fileRef = 14A40A3D246C85D100D272AB /* EditAssessmentViewController.swift */; };
		14A40A40246D146500D272AB /* UITableView.swift in Sources */ = {isa = PBXBuildFile; fileRef = 14A40A3F246D146500D272AB /* UITableView.swift */; };
		14A7B1A92469EC3A007FDD85 /* AppDelegate.swift in Sources */ = {isa = PBXBuildFile; fileRef = 14A7B1A82469EC3A007FDD85 /* AppDelegate.swift */; };
		14A7B1AC2469EC3A007FDD85 /* UniversityAssessmentPlanningTool.xcdatamodeld in Sources */ = {isa = PBXBuildFile; fileRef = 14A7B1AA2469EC3A007FDD85 /* UniversityAssessmentPlanningTool.xcdatamodeld */; };
		14A7B1AE2469EC3A007FDD85 /* SceneDelegate.swift in Sources */ = {isa = PBXBuildFile; fileRef = 14A7B1AD2469EC3A007FDD85 /* SceneDelegate.swift */; };
		14A7B1B02469EC3A007FDD85 /* MasterViewController.swift in Sources */ = {isa = PBXBuildFile; fileRef = 14A7B1AF2469EC3A007FDD85 /* MasterViewController.swift */; };
		14A7B1B22469EC3A007FDD85 /* DetailViewController.swift in Sources */ = {isa = PBXBuildFile; fileRef = 14A7B1B12469EC3A007FDD85 /* DetailViewController.swift */; };
		14A7B1B52469EC3A007FDD85 /* Main.storyboard in Resources */ = {isa = PBXBuildFile; fileRef = 14A7B1B32469EC3A007FDD85 /* Main.storyboard */; };
		14A7B1B72469EC3B007FDD85 /* Assets.xcassets in Resources */ = {isa = PBXBuildFile; fileRef = 14A7B1B62469EC3B007FDD85 /* Assets.xcassets */; };
		14A7B1BA2469EC3B007FDD85 /* LaunchScreen.storyboard in Resources */ = {isa = PBXBuildFile; fileRef = 14A7B1B82469EC3B007FDD85 /* LaunchScreen.storyboard */; };
		14A7B1C5246B3342007FDD85 /* AddNewAssessmentViewController.swift in Sources */ = {isa = PBXBuildFile; fileRef = 14A7B1C4246B3342007FDD85 /* AddNewAssessmentViewController.swift */; };
		14B995CD2470262F008E054D /* CircularProgressBar.swift in Sources */ = {isa = PBXBuildFile; fileRef = 14B995CC2470262F008E054D /* CircularProgressBar.swift */; };
		14B995CF24702647008E054D /* LinearProgressBar.swift in Sources */ = {isa = PBXBuildFile; fileRef = 14B995CE24702647008E054D /* LinearProgressBar.swift */; };
		14B995D224703AF1008E054D /* Calculations.swift in Sources */ = {isa = PBXBuildFile; fileRef = 14B995D124703AF1008E054D /* Calculations.swift */; };
		14B995D424703D02008E054D /* Colours.swift in Sources */ = {isa = PBXBuildFile; fileRef = 14B995D324703D02008E054D /* Colours.swift */; };
		14B995E124708036008E054D /* Task+CoreDataClass.swift in Sources */ = {isa = PBXBuildFile; fileRef = 14B995DD24708036008E054D /* Task+CoreDataClass.swift */; };
		14B995E224708036008E054D /* Task+CoreDataProperties.swift in Sources */ = {isa = PBXBuildFile; fileRef = 14B995DE24708036008E054D /* Task+CoreDataProperties.swift */; };
		14B995E324708036008E054D /* Assessment+CoreDataClass.swift in Sources */ = {isa = PBXBuildFile; fileRef = 14B995DF24708036008E054D /* Assessment+CoreDataClass.swift */; };
		14B995E424708036008E054D /* Assessment+CoreDataProperties.swift in Sources */ = {isa = PBXBuildFile; fileRef = 14B995E024708036008E054D /* Assessment+CoreDataProperties.swift */; };
		14BE47F1246EB4ED00977803 /* EditTaskViewController.swift in Sources */ = {isa = PBXBuildFile; fileRef = 14BE47F0246EB4ED00977803 /* EditTaskViewController.swift */; };
		14BE47FC246EFCF900977803 /* TaskTableViewCell.swift in Sources */ = {isa = PBXBuildFile; fileRef = 14BE47FB246EFCF900977803 /* TaskTableViewCell.swift */; };
		14C7CC2F2471300700FDEAD2 /* UIViewController+HideKeyboard.swift in Sources */ = {isa = PBXBuildFile; fileRef = 14C7CC2E2471300700FDEAD2 /* UIViewController+HideKeyboard.swift */; };
/* End PBXBuildFile section */

/* Begin PBXFileReference section */
		142BBC6B247D5D3B006DA2B2 /* UITextField+Numeric+Validation.swift */ = {isa = PBXFileReference; lastKnownFileType = sourcecode.swift; path = "UITextField+Numeric+Validation.swift"; sourceTree = "<group>"; };
		14911146246D8760001CBD82 /* Reminder.swift */ = {isa = PBXFileReference; lastKnownFileType = sourcecode.swift; path = Reminder.swift; sourceTree = "<group>"; };
		14911148246E8CB3001CBD82 /* AddNewTaskViewController.swift */ = {isa = PBXFileReference; lastKnownFileType = sourcecode.swift; path = AddNewTaskViewController.swift; sourceTree = "<group>"; };
		14A40A30246C267D00D272AB /* DateFormatter+Styling.swift */ = {isa = PBXFileReference; lastKnownFileType = sourcecode.swift; path = "DateFormatter+Styling.swift"; sourceTree = "<group>"; };
		14A40A39246C38C100D272AB /* AssessmentTableViewCell.swift */ = {isa = PBXFileReference; lastKnownFileType = sourcecode.swift; path = AssessmentTableViewCell.swift; sourceTree = "<group>"; };
		14A40A3B246C6C7000D272AB /* UIViewController+Alerts.swift */ = {isa = PBXFileReference; lastKnownFileType = sourcecode.swift; path = "UIViewController+Alerts.swift"; sourceTree = "<group>"; };
		14A40A3D246C85D100D272AB /* EditAssessmentViewController.swift */ = {isa = PBXFileReference; lastKnownFileType = sourcecode.swift; path = EditAssessmentViewController.swift; sourceTree = "<group>"; };
		14A40A3F246D146500D272AB /* UITableView.swift */ = {isa = PBXFileReference; lastKnownFileType = sourcecode.swift; path = UITableView.swift; sourceTree = "<group>"; };
		14A7B1A52469EC3A007FDD85 /* UniversityAssessmentPlanningTool.app */ = {isa = PBXFileReference; explicitFileType = wrapper.application; includeInIndex = 0; path = UniversityAssessmentPlanningTool.app; sourceTree = BUILT_PRODUCTS_DIR; };
		14A7B1A82469EC3A007FDD85 /* AppDelegate.swift */ = {isa = PBXFileReference; lastKnownFileType = sourcecode.swift; path = AppDelegate.swift; sourceTree = "<group>"; };
		14A7B1AB2469EC3A007FDD85 /* UniversityAssessmentPlanningTool.xcdatamodel */ = {isa = PBXFileReference; lastKnownFileType = wrapper.xcdatamodel; path = UniversityAssessmentPlanningTool.xcdatamodel; sourceTree = "<group>"; };
		14A7B1AD2469EC3A007FDD85 /* SceneDelegate.swift */ = {isa = PBXFileReference; lastKnownFileType = sourcecode.swift; path = SceneDelegate.swift; sourceTree = "<group>"; };
		14A7B1AF2469EC3A007FDD85 /* MasterViewController.swift */ = {isa = PBXFileReference; lastKnownFileType = sourcecode.swift; path = MasterViewController.swift; sourceTree = "<group>"; };
		14A7B1B12469EC3A007FDD85 /* DetailViewController.swift */ = {isa = PBXFileReference; lastKnownFileType = sourcecode.swift; path = DetailViewController.swift; sourceTree = "<group>"; };
		14A7B1B42469EC3A007FDD85 /* Base */ = {isa = PBXFileReference; lastKnownFileType = file.storyboard; name = Base; path = Base.lproj/Main.storyboard; sourceTree = "<group>"; };
		14A7B1B62469EC3B007FDD85 /* Assets.xcassets */ = {isa = PBXFileReference; lastKnownFileType = folder.assetcatalog; path = Assets.xcassets; sourceTree = "<group>"; };
		14A7B1B92469EC3B007FDD85 /* Base */ = {isa = PBXFileReference; lastKnownFileType = file.storyboard; name = Base; path = Base.lproj/LaunchScreen.storyboard; sourceTree = "<group>"; };
		14A7B1BB2469EC3B007FDD85 /* Info.plist */ = {isa = PBXFileReference; lastKnownFileType = text.plist.xml; path = Info.plist; sourceTree = "<group>"; };
		14A7B1C4246B3342007FDD85 /* AddNewAssessmentViewController.swift */ = {isa = PBXFileReference; lastKnownFileType = sourcecode.swift; path = AddNewAssessmentViewController.swift; sourceTree = "<group>"; };
		14B995CC2470262F008E054D /* CircularProgressBar.swift */ = {isa = PBXFileReference; lastKnownFileType = sourcecode.swift; path = CircularProgressBar.swift; sourceTree = "<group>"; };
		14B995CE24702647008E054D /* LinearProgressBar.swift */ = {isa = PBXFileReference; lastKnownFileType = sourcecode.swift; path = LinearProgressBar.swift; sourceTree = "<group>"; };
		14B995D124703AF1008E054D /* Calculations.swift */ = {isa = PBXFileReference; lastKnownFileType = sourcecode.swift; path = Calculations.swift; sourceTree = "<group>"; };
		14B995D324703D02008E054D /* Colours.swift */ = {isa = PBXFileReference; lastKnownFileType = sourcecode.swift; path = Colours.swift; sourceTree = "<group>"; };
		14B995DD24708036008E054D /* Task+CoreDataClass.swift */ = {isa = PBXFileReference; lastKnownFileType = sourcecode.swift; path = "Task+CoreDataClass.swift"; sourceTree = "<group>"; };
		14B995DE24708036008E054D /* Task+CoreDataProperties.swift */ = {isa = PBXFileReference; lastKnownFileType = sourcecode.swift; path = "Task+CoreDataProperties.swift"; sourceTree = "<group>"; };
		14B995DF24708036008E054D /* Assessment+CoreDataClass.swift */ = {isa = PBXFileReference; lastKnownFileType = sourcecode.swift; path = "Assessment+CoreDataClass.swift"; sourceTree = "<group>"; };
		14B995E024708036008E054D /* Assessment+CoreDataProperties.swift */ = {isa = PBXFileReference; lastKnownFileType = sourcecode.swift; path = "Assessment+CoreDataProperties.swift"; sourceTree = "<group>"; };
		14BE47F0246EB4ED00977803 /* EditTaskViewController.swift */ = {isa = PBXFileReference; lastKnownFileType = sourcecode.swift; path = EditTaskViewController.swift; sourceTree = "<group>"; };
		14BE47FB246EFCF900977803 /* TaskTableViewCell.swift */ = {isa = PBXFileReference; lastKnownFileType = sourcecode.swift; path = TaskTableViewCell.swift; sourceTree = "<group>"; };
		14C7CC2E2471300700FDEAD2 /* UIViewController+HideKeyboard.swift */ = {isa = PBXFileReference; lastKnownFileType = sourcecode.swift; path = "UIViewController+HideKeyboard.swift"; sourceTree = "<group>"; };
/* End PBXFileReference section */

/* Begin PBXFrameworksBuildPhase section */
		14A7B1A22469EC3A007FDD85 /* Frameworks */ = {
			isa = PBXFrameworksBuildPhase;
			buildActionMask = 2147483647;
			files = (
			);
			runOnlyForDeploymentPostprocessing = 0;
		};
/* End PBXFrameworksBuildPhase section */

/* Begin PBXGroup section */
		14911145246D8731001CBD82 /* Models */ = {
			isa = PBXGroup;
			children = (
				14911146246D8760001CBD82 /* Reminder.swift */,
			);
			path = Models;
			sourceTree = "<group>";
		};
		14A40A2F246C25AA00D272AB /* Extensions */ = {
			isa = PBXGroup;
			children = (
				14A40A30246C267D00D272AB /* DateFormatter+Styling.swift */,
				14A40A3B246C6C7000D272AB /* UIViewController+Alerts.swift */,
				14A40A3F246D146500D272AB /* UITableView.swift */,
				14C7CC2E2471300700FDEAD2 /* UIViewController+HideKeyboard.swift */,
				142BBC6B247D5D3B006DA2B2 /* UITextField+Numeric+Validation.swift */,
			);
			path = Extensions;
			sourceTree = "<group>";
		};
		14A40A36246C383400D272AB /* Views */ = {
			isa = PBXGroup;
			children = (
				14A40A39246C38C100D272AB /* AssessmentTableViewCell.swift */,
				14BE47FB246EFCF900977803 /* TaskTableViewCell.swift */,
				14B995CC2470262F008E054D /* CircularProgressBar.swift */,
				14B995CE24702647008E054D /* LinearProgressBar.swift */,
			);
			path = Views;
			sourceTree = "<group>";
		};
		14A7B19C2469EC3A007FDD85 = {
			isa = PBXGroup;
			children = (
				14A7B1A72469EC3A007FDD85 /* UniversityAssessmentPlanningTool */,
				14A7B1A62469EC3A007FDD85 /* Products */,
			);
			sourceTree = "<group>";
		};
		14A7B1A62469EC3A007FDD85 /* Products */ = {
			isa = PBXGroup;
			children = (
				14A7B1A52469EC3A007FDD85 /* UniversityAssessmentPlanningTool.app */,
			);
			name = Products;
			sourceTree = "<group>";
		};
		14A7B1A72469EC3A007FDD85 /* UniversityAssessmentPlanningTool */ = {
			isa = PBXGroup;
			children = (
				14B995D024703AD5008E054D /* Helpers */,
				14BE47FA246EF2A700977803 /* Data */,
				14911145246D8731001CBD82 /* Models */,
				14A40A36246C383400D272AB /* Views */,
				14A40A2F246C25AA00D272AB /* Extensions */,
				14A7B1C1246B326C007FDD85 /* Controllers */,
				14A7B1A82469EC3A007FDD85 /* AppDelegate.swift */,
				14A7B1AD2469EC3A007FDD85 /* SceneDelegate.swift */,
				14A7B1AF2469EC3A007FDD85 /* MasterViewController.swift */,
				14A7B1B12469EC3A007FDD85 /* DetailViewController.swift */,
				14A7B1B32469EC3A007FDD85 /* Main.storyboard */,
				14A7B1B62469EC3B007FDD85 /* Assets.xcassets */,
				14A7B1B82469EC3B007FDD85 /* LaunchScreen.storyboard */,
				14A7B1BB2469EC3B007FDD85 /* Info.plist */,
				14A7B1AA2469EC3A007FDD85 /* UniversityAssessmentPlanningTool.xcdatamodeld */,
			);
			path = UniversityAssessmentPlanningTool;
			sourceTree = "<group>";
		};
		14A7B1C1246B326C007FDD85 /* Controllers */ = {
			isa = PBXGroup;
			children = (
				14A7B1C4246B3342007FDD85 /* AddNewAssessmentViewController.swift */,
				14A40A3D246C85D100D272AB /* EditAssessmentViewController.swift */,
				14911148246E8CB3001CBD82 /* AddNewTaskViewController.swift */,
				14BE47F0246EB4ED00977803 /* EditTaskViewController.swift */,
			);
			path = Controllers;
			sourceTree = "<group>";
		};
		14B995D024703AD5008E054D /* Helpers */ = {
			isa = PBXGroup;
			children = (
				14B995D124703AF1008E054D /* Calculations.swift */,
				14B995D324703D02008E054D /* Colours.swift */,
			);
			path = Helpers;
			sourceTree = "<group>";
		};
		14BE47FA246EF2A700977803 /* Data */ = {
			isa = PBXGroup;
			children = (
				14B995DD24708036008E054D /* Task+CoreDataClass.swift */,
				14B995DE24708036008E054D /* Task+CoreDataProperties.swift */,
				14B995DF24708036008E054D /* Assessment+CoreDataClass.swift */,
				14B995E024708036008E054D /* Assessment+CoreDataProperties.swift */,
			);
			path = Data;
			sourceTree = "<group>";
		};
/* End PBXGroup section */

/* Begin PBXNativeTarget section */
		14A7B1A42469EC3A007FDD85 /* UniversityAssessmentPlanningTool */ = {
			isa = PBXNativeTarget;
			buildConfigurationList = 14A7B1BE2469EC3B007FDD85 /* Build configuration list for PBXNativeTarget "UniversityAssessmentPlanningTool" */;
			buildPhases = (
				14A7B1A12469EC3A007FDD85 /* Sources */,
				14A7B1A22469EC3A007FDD85 /* Frameworks */,
				14A7B1A32469EC3A007FDD85 /* Resources */,
			);
			buildRules = (
			);
			dependencies = (
			);
			name = UniversityAssessmentPlanningTool;
			productName = UniversityAssessmentPlanningTool;
			productReference = 14A7B1A52469EC3A007FDD85 /* UniversityAssessmentPlanningTool.app */;
			productType = "com.apple.product-type.application";
		};
/* End PBXNativeTarget section */

/* Begin PBXProject section */
		14A7B19D2469EC3A007FDD85 /* Project object */ = {
			isa = PBXProject;
			attributes = {
				LastSwiftUpdateCheck = 1130;
				LastUpgradeCheck = 1130;
				ORGANIZATIONNAME = Suwadith;
				TargetAttributes = {
					14A7B1A42469EC3A007FDD85 = {
						CreatedOnToolsVersion = 11.3.1;
					};
				};
			};
			buildConfigurationList = 14A7B1A02469EC3A007FDD85 /* Build configuration list for PBXProject "UniversityAssessmentPlanningTool" */;
			compatibilityVersion = "Xcode 9.3";
			developmentRegion = en;
			hasScannedForEncodings = 0;
			knownRegions = (
				en,
				Base,
			);
			mainGroup = 14A7B19C2469EC3A007FDD85;
			productRefGroup = 14A7B1A62469EC3A007FDD85 /* Products */;
			projectDirPath = "";
			projectRoot = "";
			targets = (
				14A7B1A42469EC3A007FDD85 /* UniversityAssessmentPlanningTool */,
			);
		};
/* End PBXProject section */

/* Begin PBXResourcesBuildPhase section */
		14A7B1A32469EC3A007FDD85 /* Resources */ = {
			isa = PBXResourcesBuildPhase;
			buildActionMask = 2147483647;
			files = (
				14A7B1BA2469EC3B007FDD85 /* LaunchScreen.storyboard in Resources */,
				14A7B1B72469EC3B007FDD85 /* Assets.xcassets in Resources */,
				14A7B1B52469EC3A007FDD85 /* Main.storyboard in Resources */,
			);
			runOnlyForDeploymentPostprocessing = 0;
		};
/* End PBXResourcesBuildPhase section */

/* Begin PBXSourcesBuildPhase section */
		14A7B1A12469EC3A007FDD85 /* Sources */ = {
			isa = PBXSourcesBuildPhase;
			buildActionMask = 2147483647;
			files = (
				14A40A3E246C85D100D272AB /* EditAssessmentViewController.swift in Sources */,
				14A7B1B02469EC3A007FDD85 /* MasterViewController.swift in Sources */,
				14B995E424708036008E054D /* Assessment+CoreDataProperties.swift in Sources */,
				14A40A31246C267D00D272AB /* DateFormatter+Styling.swift in Sources */,
				14B995D224703AF1008E054D /* Calculations.swift in Sources */,
				14B995E224708036008E054D /* Task+CoreDataProperties.swift in Sources */,
				14911147246D8760001CBD82 /* Reminder.swift in Sources */,
				14A40A3A246C38C100D272AB /* AssessmentTableViewCell.swift in Sources */,
				14B995E124708036008E054D /* Task+CoreDataClass.swift in Sources */,
				14C7CC2F2471300700FDEAD2 /* UIViewController+HideKeyboard.swift in Sources */,
				14BE47F1246EB4ED00977803 /* EditTaskViewController.swift in Sources */,
				14A7B1AC2469EC3A007FDD85 /* UniversityAssessmentPlanningTool.xcdatamodeld in Sources */,
				14A7B1B22469EC3A007FDD85 /* DetailViewController.swift in Sources */,
				14BE47FC246EFCF900977803 /* TaskTableViewCell.swift in Sources */,
				14B995D424703D02008E054D /* Colours.swift in Sources */,
				14B995E324708036008E054D /* Assessment+CoreDataClass.swift in Sources */,
				14A7B1C5246B3342007FDD85 /* AddNewAssessmentViewController.swift in Sources */,
				14A40A40246D146500D272AB /* UITableView.swift in Sources */,
				14A7B1A92469EC3A007FDD85 /* AppDelegate.swift in Sources */,
				14A40A3C246C6C7000D272AB /* UIViewController+Alerts.swift in Sources */,
				14A7B1AE2469EC3A007FDD85 /* SceneDelegate.swift in Sources */,
				142BBC6C247D5D3B006DA2B2 /* UITextField+Numeric+Validation.swift in Sources */,
				14B995CF24702647008E054D /* LinearProgressBar.swift in Sources */,
				14911149246E8CB3001CBD82 /* AddNewTaskViewController.swift in Sources */,
				14B995CD2470262F008E054D /* CircularProgressBar.swift in Sources */,
			);
			runOnlyForDeploymentPostprocessing = 0;
		};
/* End PBXSourcesBuildPhase section */

/* Begin PBXVariantGroup section */
		14A7B1B32469EC3A007FDD85 /* Main.storyboard */ = {
			isa = PBXVariantGroup;
			children = (
				14A7B1B42469EC3A007FDD85 /* Base */,
			);
			name = Main.storyboard;
			sourceTree = "<group>";
		};
		14A7B1B82469EC3B007FDD85 /* LaunchScreen.storyboard */ = {
			isa = PBXVariantGroup;
			children = (
				14A7B1B92469EC3B007FDD85 /* Base */,
			);
			name = LaunchScreen.storyboard;
			sourceTree = "<group>";
		};
/* End PBXVariantGroup section */

/* Begin XCBuildConfiguration section */
		14A7B1BC2469EC3B007FDD85 /* Debug */ = {
			isa = XCBuildConfiguration;
			buildSettings = {
				ALWAYS_SEARCH_USER_PATHS = NO;
				CLANG_ANALYZER_NONNULL = YES;
				CLANG_ANALYZER_NUMBER_OBJECT_CONVERSION = YES_AGGRESSIVE;
				CLANG_CXX_LANGUAGE_STANDARD = "gnu++14";
				CLANG_CXX_LIBRARY = "libc++";
				CLANG_ENABLE_MODULES = YES;
				CLANG_ENABLE_OBJC_ARC = YES;
				CLANG_ENABLE_OBJC_WEAK = YES;
				CLANG_WARN_BLOCK_CAPTURE_AUTORELEASING = YES;
				CLANG_WARN_BOOL_CONVERSION = YES;
				CLANG_WARN_COMMA = YES;
				CLANG_WARN_CONSTANT_CONVERSION = YES;
				CLANG_WARN_DEPRECATED_OBJC_IMPLEMENTATIONS = YES;
				CLANG_WARN_DIRECT_OBJC_ISA_USAGE = YES_ERROR;
				CLANG_WARN_DOCUMENTATION_COMMENTS = YES;
				CLANG_WARN_EMPTY_BODY = YES;
				CLANG_WARN_ENUM_CONVERSION = YES;
				CLANG_WARN_INFINITE_RECURSION = YES;
				CLANG_WARN_INT_CONVERSION = YES;
				CLANG_WARN_NON_LITERAL_NULL_CONVERSION = YES;
				CLANG_WARN_OBJC_IMPLICIT_RETAIN_SELF = YES;
				CLANG_WARN_OBJC_LITERAL_CONVERSION = YES;
				CLANG_WARN_OBJC_ROOT_CLASS = YES_ERROR;
				CLANG_WARN_RANGE_LOOP_ANALYSIS = YES;
				CLANG_WARN_STRICT_PROTOTYPES = YES;
				CLANG_WARN_SUSPICIOUS_MOVE = YES;
				CLANG_WARN_UNGUARDED_AVAILABILITY = YES_AGGRESSIVE;
				CLANG_WARN_UNREACHABLE_CODE = YES;
				CLANG_WARN__DUPLICATE_METHOD_MATCH = YES;
				COPY_PHASE_STRIP = NO;
				DEBUG_INFORMATION_FORMAT = dwarf;
				ENABLE_STRICT_OBJC_MSGSEND = YES;
				ENABLE_TESTABILITY = YES;
				GCC_C_LANGUAGE_STANDARD = gnu11;
				GCC_DYNAMIC_NO_PIC = NO;
				GCC_NO_COMMON_BLOCKS = YES;
				GCC_OPTIMIZATION_LEVEL = 0;
				GCC_PREPROCESSOR_DEFINITIONS = (
					"DEBUG=1",
					"$(inherited)",
				);
				GCC_WARN_64_TO_32_BIT_CONVERSION = YES;
				GCC_WARN_ABOUT_RETURN_TYPE = YES_ERROR;
				GCC_WARN_UNDECLARED_SELECTOR = YES;
				GCC_WARN_UNINITIALIZED_AUTOS = YES_AGGRESSIVE;
				GCC_WARN_UNUSED_FUNCTION = YES;
				GCC_WARN_UNUSED_VARIABLE = YES;
				IPHONEOS_DEPLOYMENT_TARGET = 13.2;
				MTL_ENABLE_DEBUG_INFO = INCLUDE_SOURCE;
				MTL_FAST_MATH = YES;
				ONLY_ACTIVE_ARCH = YES;
				SDKROOT = iphoneos;
				SWIFT_ACTIVE_COMPILATION_CONDITIONS = DEBUG;
				SWIFT_OPTIMIZATION_LEVEL = "-Onone";
			};
			name = Debug;
		};
		14A7B1BD2469EC3B007FDD85 /* Release */ = {
			isa = XCBuildConfiguration;
			buildSettings = {
				ALWAYS_SEARCH_USER_PATHS = NO;
				CLANG_ANALYZER_NONNULL = YES;
				CLANG_ANALYZER_NUMBER_OBJECT_CONVERSION = YES_AGGRESSIVE;
				CLANG_CXX_LANGUAGE_STANDARD = "gnu++14";
				CLANG_CXX_LIBRARY = "libc++";
				CLANG_ENABLE_MODULES = YES;
				CLANG_ENABLE_OBJC_ARC = YES;
				CLANG_ENABLE_OBJC_WEAK = YES;
				CLANG_WARN_BLOCK_CAPTURE_AUTORELEASING = YES;
				CLANG_WARN_BOOL_CONVERSION = YES;
				CLANG_WARN_COMMA = YES;
				CLANG_WARN_CONSTANT_CONVERSION = YES;
				CLANG_WARN_DEPRECATED_OBJC_IMPLEMENTATIONS = YES;
				CLANG_WARN_DIRECT_OBJC_ISA_USAGE = YES_ERROR;
				CLANG_WARN_DOCUMENTATION_COMMENTS = YES;
				CLANG_WARN_EMPTY_BODY = YES;
				CLANG_WARN_ENUM_CONVERSION = YES;
				CLANG_WARN_INFINITE_RECURSION = YES;
				CLANG_WARN_INT_CONVERSION = YES;
				CLANG_WARN_NON_LITERAL_NULL_CONVERSION = YES;
				CLANG_WARN_OBJC_IMPLICIT_RETAIN_SELF = YES;
				CLANG_WARN_OBJC_LITERAL_CONVERSION = YES;
				CLANG_WARN_OBJC_ROOT_CLASS = YES_ERROR;
				CLANG_WARN_RANGE_LOOP_ANALYSIS = YES;
				CLANG_WARN_STRICT_PROTOTYPES = YES;
				CLANG_WARN_SUSPICIOUS_MOVE = YES;
				CLANG_WARN_UNGUARDED_AVAILABILITY = YES_AGGRESSIVE;
				CLANG_WARN_UNREACHABLE_CODE = YES;
				CLANG_WARN__DUPLICATE_METHOD_MATCH = YES;
				COPY_PHASE_STRIP = NO;
				DEBUG_INFORMATION_FORMAT = "dwarf-with-dsym";
				ENABLE_NS_ASSERTIONS = NO;
				ENABLE_STRICT_OBJC_MSGSEND = YES;
				GCC_C_LANGUAGE_STANDARD = gnu11;
				GCC_NO_COMMON_BLOCKS = YES;
				GCC_WARN_64_TO_32_BIT_CONVERSION = YES;
				GCC_WARN_ABOUT_RETURN_TYPE = YES_ERROR;
				GCC_WARN_UNDECLARED_SELECTOR = YES;
				GCC_WARN_UNINITIALIZED_AUTOS = YES_AGGRESSIVE;
				GCC_WARN_UNUSED_FUNCTION = YES;
				GCC_WARN_UNUSED_VARIABLE = YES;
				IPHONEOS_DEPLOYMENT_TARGET = 13.2;
				MTL_ENABLE_DEBUG_INFO = NO;
				MTL_FAST_MATH = YES;
				SDKROOT = iphoneos;
				SWIFT_COMPILATION_MODE = wholemodule;
				SWIFT_OPTIMIZATION_LEVEL = "-O";
				VALIDATE_PRODUCT = YES;
			};
			name = Release;
		};
		14A7B1BF2469EC3B007FDD85 /* Debug */ = {
			isa = XCBuildConfiguration;
			buildSettings = {
				ASSETCATALOG_COMPILER_APPICON_NAME = AppIcon;
				CODE_SIGN_STYLE = Automatic;
				INFOPLIST_FILE = UniversityAssessmentPlanningTool/Info.plist;
				LD_RUNPATH_SEARCH_PATHS = (
					"$(inherited)",
					"@executable_path/Frameworks",
				);
				PRODUCT_BUNDLE_IDENTIFIER = com.suwadith.UniversityAssessmentPlanningTool;
				PRODUCT_NAME = "$(TARGET_NAME)";
				SWIFT_VERSION = 5.0;
				TARGETED_DEVICE_FAMILY = 2;
			};
			name = Debug;
		};
		14A7B1C02469EC3B007FDD85 /* Release */ = {
			isa = XCBuildConfiguration;
			buildSettings = {
				ASSETCATALOG_COMPILER_APPICON_NAME = AppIcon;
				CODE_SIGN_STYLE = Automatic;
				INFOPLIST_FILE = UniversityAssessmentPlanningTool/Info.plist;
				LD_RUNPATH_SEARCH_PATHS = (
					"$(inherited)",
					"@executable_path/Frameworks",
				);
				PRODUCT_BUNDLE_IDENTIFIER = com.suwadith.UniversityAssessmentPlanningTool;
				PRODUCT_NAME = "$(TARGET_NAME)";
				SWIFT_VERSION = 5.0;
				TARGETED_DEVICE_FAMILY = 2;
			};
			name = Release;
		};
/* End XCBuildConfiguration section */

/* Begin XCConfigurationList section */
		14A7B1A02469EC3A007FDD85 /* Build configuration list for PBXProject "UniversityAssessmentPlanningTool" */ = {
			isa = XCConfigurationList;
			buildConfigurations = (
				14A7B1BC2469EC3B007FDD85 /* Debug */,
				14A7B1BD2469EC3B007FDD85 /* Release */,
			);
			defaultConfigurationIsVisible = 0;
			defaultConfigurationName = Release;
		};
		14A7B1BE2469EC3B007FDD85 /* Build configuration list for PBXNativeTarget "UniversityAssessmentPlanningTool" */ = {
			isa = XCConfigurationList;
			buildConfigurations = (
				14A7B1BF2469EC3B007FDD85 /* Debug */,
				14A7B1C02469EC3B007FDD85 /* Release */,
			);
			defaultConfigurationIsVisible = 0;
			defaultConfigurationName = Release;
		};
/* End XCConfigurationList section */

/* Begin XCVersionGroup section */
		14A7B1AA2469EC3A007FDD85 /* UniversityAssessmentPlanningTool.xcdatamodeld */ = {
			isa = XCVersionGroup;
			children = (
				14A7B1AB2469EC3A007FDD85 /* UniversityAssessmentPlanningTool.xcdatamodel */,
			);
			currentVersion = 14A7B1AB2469EC3A007FDD85 /* UniversityAssessmentPlanningTool.xcdatamodel */;
			path = UniversityAssessmentPlanningTool.xcdatamodeld;
			sourceTree = "<group>";
			versionGroupType = wrapper.xcdatamodel;
		};
/* End XCVersionGroup section */
	};
	rootObject = 14A7B19D2469EC3A007FDD85 /* Project object */;
}
